// !$*UTF8*$!
{
	archiveVersion = 1;
	classes = {
	};
	objectVersion = 50;
	objects = {

/* Begin PBXBuildFile section */
		3036574B21E47EFE00D7720D /* AppDelegate.swift in Sources */ = {isa = PBXBuildFile; fileRef = 3036574A21E47EFE00D7720D /* AppDelegate.swift */; };
		3036575021E47EFE00D7720D /* Main.storyboard in Resources */ = {isa = PBXBuildFile; fileRef = 3036574E21E47EFE00D7720D /* Main.storyboard */; };
		3036575221E47EFE00D7720D /* Assets.xcassets in Resources */ = {isa = PBXBuildFile; fileRef = 3036575121E47EFE00D7720D /* Assets.xcassets */; };
		3036575521E47EFE00D7720D /* LaunchScreen.storyboard in Resources */ = {isa = PBXBuildFile; fileRef = 3036575321E47EFE00D7720D /* LaunchScreen.storyboard */; };
		3036576021E47EFE00D7720D /* MusicPlayerTests.swift in Sources */ = {isa = PBXBuildFile; fileRef = 3036575F21E47EFE00D7720D /* MusicPlayerTests.swift */; };
		3036576B21E47EFF00D7720D /* MusicPlayerUITests.swift in Sources */ = {isa = PBXBuildFile; fileRef = 3036576A21E47EFF00D7720D /* MusicPlayerUITests.swift */; };
		3051809421F68BFE007B9B6D /* NowPlayingViewController.swift in Sources */ = {isa = PBXBuildFile; fileRef = 3051809321F68BFE007B9B6D /* NowPlayingViewController.swift */; };
		3051809621F68C16007B9B6D /* Extensions.swift in Sources */ = {isa = PBXBuildFile; fileRef = 3051809521F68C16007B9B6D /* Extensions.swift */; };
		30AB0E5921E52CB500A913C3 /* LibraryViewController.swift in Sources */ = {isa = PBXBuildFile; fileRef = 30AB0E5821E52CB500A913C3 /* LibraryViewController.swift */; };
/* End PBXBuildFile section */

/* Begin PBXContainerItemProxy section */
		3036575C21E47EFE00D7720D /* PBXContainerItemProxy */ = {
			isa = PBXContainerItemProxy;
			containerPortal = 3036573F21E47EFE00D7720D /* Project object */;
			proxyType = 1;
			remoteGlobalIDString = 3036574621E47EFE00D7720D;
			remoteInfo = MusicPlayer;
		};
		3036576721E47EFF00D7720D /* PBXContainerItemProxy */ = {
			isa = PBXContainerItemProxy;
			containerPortal = 3036573F21E47EFE00D7720D /* Project object */;
			proxyType = 1;
			remoteGlobalIDString = 3036574621E47EFE00D7720D;
			remoteInfo = MusicPlayer;
		};
/* End PBXContainerItemProxy section */

/* Begin PBXFileReference section */
		3036574721E47EFE00D7720D /* MusicPlayer.app */ = {isa = PBXFileReference; explicitFileType = wrapper.application; includeInIndex = 0; path = MusicPlayer.app; sourceTree = BUILT_PRODUCTS_DIR; };
		3036574A21E47EFE00D7720D /* AppDelegate.swift */ = {isa = PBXFileReference; lastKnownFileType = sourcecode.swift; path = AppDelegate.swift; sourceTree = "<group>"; };
		3036574F21E47EFE00D7720D /* Base */ = {isa = PBXFileReference; lastKnownFileType = file.storyboard; name = Base; path = Base.lproj/Main.storyboard; sourceTree = "<group>"; };
		3036575121E47EFE00D7720D /* Assets.xcassets */ = {isa = PBXFileReference; lastKnownFileType = folder.assetcatalog; path = Assets.xcassets; sourceTree = "<group>"; };
		3036575421E47EFE00D7720D /* Base */ = {isa = PBXFileReference; lastKnownFileType = file.storyboard; name = Base; path = Base.lproj/LaunchScreen.storyboard; sourceTree = "<group>"; };
		3036575621E47EFE00D7720D /* Info.plist */ = {isa = PBXFileReference; lastKnownFileType = text.plist.xml; path = Info.plist; sourceTree = "<group>"; };
		3036575B21E47EFE00D7720D /* MusicPlayerTests.xctest */ = {isa = PBXFileReference; explicitFileType = wrapper.cfbundle; includeInIndex = 0; path = MusicPlayerTests.xctest; sourceTree = BUILT_PRODUCTS_DIR; };
		3036575F21E47EFE00D7720D /* MusicPlayerTests.swift */ = {isa = PBXFileReference; lastKnownFileType = sourcecode.swift; path = MusicPlayerTests.swift; sourceTree = "<group>"; };
		3036576121E47EFF00D7720D /* Info.plist */ = {isa = PBXFileReference; lastKnownFileType = text.plist.xml; path = Info.plist; sourceTree = "<group>"; };
		3036576621E47EFF00D7720D /* MusicPlayerUITests.xctest */ = {isa = PBXFileReference; explicitFileType = wrapper.cfbundle; includeInIndex = 0; path = MusicPlayerUITests.xctest; sourceTree = BUILT_PRODUCTS_DIR; };
		3036576A21E47EFF00D7720D /* MusicPlayerUITests.swift */ = {isa = PBXFileReference; lastKnownFileType = sourcecode.swift; path = MusicPlayerUITests.swift; sourceTree = "<group>"; };
		3036576C21E47EFF00D7720D /* Info.plist */ = {isa = PBXFileReference; lastKnownFileType = text.plist.xml; path = Info.plist; sourceTree = "<group>"; };
		3051809321F68BFE007B9B6D /* NowPlayingViewController.swift */ = {isa = PBXFileReference; lastKnownFileType = sourcecode.swift; path = NowPlayingViewController.swift; sourceTree = "<group>"; };
		3051809521F68C16007B9B6D /* Extensions.swift */ = {isa = PBXFileReference; lastKnownFileType = sourcecode.swift; path = Extensions.swift; sourceTree = "<group>"; };
		30AB0E5821E52CB500A913C3 /* LibraryViewController.swift */ = {isa = PBXFileReference; lastKnownFileType = sourcecode.swift; path = LibraryViewController.swift; sourceTree = "<group>"; };
/* End PBXFileReference section */

/* Begin PBXFrameworksBuildPhase section */
		3036574421E47EFE00D7720D /* Frameworks */ = {
			isa = PBXFrameworksBuildPhase;
			buildActionMask = 2147483647;
			files = (
			);
			runOnlyForDeploymentPostprocessing = 0;
		};
		3036575821E47EFE00D7720D /* Frameworks */ = {
			isa = PBXFrameworksBuildPhase;
			buildActionMask = 2147483647;
			files = (
			);
			runOnlyForDeploymentPostprocessing = 0;
		};
		3036576321E47EFF00D7720D /* Frameworks */ = {
			isa = PBXFrameworksBuildPhase;
			buildActionMask = 2147483647;
			files = (
			);
			runOnlyForDeploymentPostprocessing = 0;
		};
/* End PBXFrameworksBuildPhase section */

/* Begin PBXGroup section */
		3036573E21E47EFE00D7720D = {
			isa = PBXGroup;
			children = (
				3036574921E47EFE00D7720D /* MusicPlayer */,
				3036575E21E47EFE00D7720D /* MusicPlayerTests */,
				3036576921E47EFF00D7720D /* MusicPlayerUITests */,
				3036574821E47EFE00D7720D /* Products */,
			);
			sourceTree = "<group>";
		};
		3036574821E47EFE00D7720D /* Products */ = {
			isa = PBXGroup;
			children = (
				3036574721E47EFE00D7720D /* MusicPlayer.app */,
				3036575B21E47EFE00D7720D /* MusicPlayerTests.xctest */,
				3036576621E47EFF00D7720D /* MusicPlayerUITests.xctest */,
			);
			name = Products;
			sourceTree = "<group>";
		};
		3036574921E47EFE00D7720D /* MusicPlayer */ = {
			isa = PBXGroup;
			children = (
				3036574A21E47EFE00D7720D /* AppDelegate.swift */,
				3051809321F68BFE007B9B6D /* NowPlayingViewController.swift */,
				30AB0E5821E52CB500A913C3 /* LibraryViewController.swift */,
				3051809521F68C16007B9B6D /* Extensions.swift */,
				3036574E21E47EFE00D7720D /* Main.storyboard */,
				3036575121E47EFE00D7720D /* Assets.xcassets */,
				3036575321E47EFE00D7720D /* LaunchScreen.storyboard */,
				3036575621E47EFE00D7720D /* Info.plist */,
			);
			path = MusicPlayer;
			sourceTree = "<group>";
		};
		3036575E21E47EFE00D7720D /* MusicPlayerTests */ = {
			isa = PBXGroup;
			children = (
				3036575F21E47EFE00D7720D /* MusicPlayerTests.swift */,
				3036576121E47EFF00D7720D /* Info.plist */,
			);
			path = MusicPlayerTests;
			sourceTree = "<group>";
		};
		3036576921E47EFF00D7720D /* MusicPlayerUITests */ = {
			isa = PBXGroup;
			children = (
				3036576A21E47EFF00D7720D /* MusicPlayerUITests.swift */,
				3036576C21E47EFF00D7720D /* Info.plist */,
			);
			path = MusicPlayerUITests;
			sourceTree = "<group>";
		};
/* End PBXGroup section */

/* Begin PBXNativeTarget section */
		3036574621E47EFE00D7720D /* MusicPlayer */ = {
			isa = PBXNativeTarget;
			buildConfigurationList = 3036576F21E47EFF00D7720D /* Build configuration list for PBXNativeTarget "MusicPlayer" */;
			buildPhases = (
				3036574321E47EFE00D7720D /* Sources */,
				3036574421E47EFE00D7720D /* Frameworks */,
				3036574521E47EFE00D7720D /* Resources */,
			);
			buildRules = (
			);
			dependencies = (
			);
			name = MusicPlayer;
			productName = MusicPlayer;
			productReference = 3036574721E47EFE00D7720D /* MusicPlayer.app */;
			productType = "com.apple.product-type.application";
		};
		3036575A21E47EFE00D7720D /* MusicPlayerTests */ = {
			isa = PBXNativeTarget;
			buildConfigurationList = 3036577221E47EFF00D7720D /* Build configuration list for PBXNativeTarget "MusicPlayerTests" */;
			buildPhases = (
				3036575721E47EFE00D7720D /* Sources */,
				3036575821E47EFE00D7720D /* Frameworks */,
				3036575921E47EFE00D7720D /* Resources */,
			);
			buildRules = (
			);
			dependencies = (
				3036575D21E47EFE00D7720D /* PBXTargetDependency */,
			);
			name = MusicPlayerTests;
			productName = MusicPlayerTests;
			productReference = 3036575B21E47EFE00D7720D /* MusicPlayerTests.xctest */;
			productType = "com.apple.product-type.bundle.unit-test";
		};
		3036576521E47EFF00D7720D /* MusicPlayerUITests */ = {
			isa = PBXNativeTarget;
			buildConfigurationList = 3036577521E47EFF00D7720D /* Build configuration list for PBXNativeTarget "MusicPlayerUITests" */;
			buildPhases = (
				3036576221E47EFF00D7720D /* Sources */,
				3036576321E47EFF00D7720D /* Frameworks */,
				3036576421E47EFF00D7720D /* Resources */,
			);
			buildRules = (
			);
			dependencies = (
				3036576821E47EFF00D7720D /* PBXTargetDependency */,
			);
			name = MusicPlayerUITests;
			productName = MusicPlayerUITests;
			productReference = 3036576621E47EFF00D7720D /* MusicPlayerUITests.xctest */;
			productType = "com.apple.product-type.bundle.ui-testing";
		};
/* End PBXNativeTarget section */

/* Begin PBXProject section */
		3036573F21E47EFE00D7720D /* Project object */ = {
			isa = PBXProject;
			attributes = {
				LastSwiftUpdateCheck = 1010;
				LastUpgradeCheck = 1010;
				ORGANIZATIONNAME = "Jake Contreras";
				TargetAttributes = {
					3036574621E47EFE00D7720D = {
						CreatedOnToolsVersion = 10.1;
						LastSwiftMigration = 1020;
					};
					3036575A21E47EFE00D7720D = {
						CreatedOnToolsVersion = 10.1;
						LastSwiftMigration = 1020;
						TestTargetID = 3036574621E47EFE00D7720D;
					};
					3036576521E47EFF00D7720D = {
						CreatedOnToolsVersion = 10.1;
						LastSwiftMigration = 1020;
						TestTargetID = 3036574621E47EFE00D7720D;
					};
				};
			};
			buildConfigurationList = 3036574221E47EFE00D7720D /* Build configuration list for PBXProject "MusicPlayer" */;
			compatibilityVersion = "Xcode 9.3";
			developmentRegion = en;
			hasScannedForEncodings = 0;
			knownRegions = (
				en,
				Base,
			);
			mainGroup = 3036573E21E47EFE00D7720D;
			productRefGroup = 3036574821E47EFE00D7720D /* Products */;
			projectDirPath = "";
			projectRoot = "";
			targets = (
				3036574621E47EFE00D7720D /* MusicPlayer */,
				3036575A21E47EFE00D7720D /* MusicPlayerTests */,
				3036576521E47EFF00D7720D /* MusicPlayerUITests */,
			);
		};
/* End PBXProject section */

/* Begin PBXResourcesBuildPhase section */
		3036574521E47EFE00D7720D /* Resources */ = {
			isa = PBXResourcesBuildPhase;
			buildActionMask = 2147483647;
			files = (
				3036575521E47EFE00D7720D /* LaunchScreen.storyboard in Resources */,
				3036575221E47EFE00D7720D /* Assets.xcassets in Resources */,
				3036575021E47EFE00D7720D /* Main.storyboard in Resources */,
			);
			runOnlyForDeploymentPostprocessing = 0;
		};
		3036575921E47EFE00D7720D /* Resources */ = {
			isa = PBXResourcesBuildPhase;
			buildActionMask = 2147483647;
			files = (
			);
			runOnlyForDeploymentPostprocessing = 0;
		};
		3036576421E47EFF00D7720D /* Resources */ = {
			isa = PBXResourcesBuildPhase;
			buildActionMask = 2147483647;
			files = (
			);
			runOnlyForDeploymentPostprocessing = 0;
		};
/* End PBXResourcesBuildPhase section */

/* Begin PBXSourcesBuildPhase section */
		3036574321E47EFE00D7720D /* Sources */ = {
			isa = PBXSourcesBuildPhase;
			buildActionMask = 2147483647;
			files = (
				3051809621F68C16007B9B6D /* Extensions.swift in Sources */,
				3051809421F68BFE007B9B6D /* NowPlayingViewController.swift in Sources */,
				30AB0E5921E52CB500A913C3 /* LibraryViewController.swift in Sources */,
				3036574B21E47EFE00D7720D /* AppDelegate.swift in Sources */,
			);
			runOnlyForDeploymentPostprocessing = 0;
		};
		3036575721E47EFE00D7720D /* Sources */ = {
			isa = PBXSourcesBuildPhase;
			buildActionMask = 2147483647;
			files = (
				3036576021E47EFE00D7720D /* MusicPlayerTests.swift in Sources */,
			);
			runOnlyForDeploymentPostprocessing = 0;
		};
		3036576221E47EFF00D7720D /* Sources */ = {
			isa = PBXSourcesBuildPhase;
			buildActionMask = 2147483647;
			files = (
				3036576B21E47EFF00D7720D /* MusicPlayerUITests.swift in Sources */,
			);
			runOnlyForDeploymentPostprocessing = 0;
		};
/* End PBXSourcesBuildPhase section */

/* Begin PBXTargetDependency section */
		3036575D21E47EFE00D7720D /* PBXTargetDependency */ = {
			isa = PBXTargetDependency;
			target = 3036574621E47EFE00D7720D /* MusicPlayer */;
			targetProxy = 3036575C21E47EFE00D7720D /* PBXContainerItemProxy */;
		};
		3036576821E47EFF00D7720D /* PBXTargetDependency */ = {
			isa = PBXTargetDependency;
			target = 3036574621E47EFE00D7720D /* MusicPlayer */;
			targetProxy = 3036576721E47EFF00D7720D /* PBXContainerItemProxy */;
		};
/* End PBXTargetDependency section */

/* Begin PBXVariantGroup section */
		3036574E21E47EFE00D7720D /* Main.storyboard */ = {
			isa = PBXVariantGroup;
			children = (
				3036574F21E47EFE00D7720D /* Base */,
			);
			name = Main.storyboard;
			sourceTree = "<group>";
		};
		3036575321E47EFE00D7720D /* LaunchScreen.storyboard */ = {
			isa = PBXVariantGroup;
			children = (
				3036575421E47EFE00D7720D /* Base */,
			);
			name = LaunchScreen.storyboard;
			sourceTree = "<group>";
		};
/* End PBXVariantGroup section */

/* Begin XCBuildConfiguration section */
		3036576D21E47EFF00D7720D /* Debug */ = {
			isa = XCBuildConfiguration;
			buildSettings = {
				ALWAYS_SEARCH_USER_PATHS = NO;
				CLANG_ANALYZER_NONNULL = YES;
				CLANG_ANALYZER_NUMBER_OBJECT_CONVERSION = YES_AGGRESSIVE;
				CLANG_CXX_LANGUAGE_STANDARD = "gnu++14";
				CLANG_CXX_LIBRARY = "libc++";
				CLANG_ENABLE_MODULES = YES;
				CLANG_ENABLE_OBJC_ARC = YES;
				CLANG_ENABLE_OBJC_WEAK = YES;
				CLANG_WARN_BLOCK_CAPTURE_AUTORELEASING = YES;
				CLANG_WARN_BOOL_CONVERSION = YES;
				CLANG_WARN_COMMA = YES;
				CLANG_WARN_CONSTANT_CONVERSION = YES;
				CLANG_WARN_DEPRECATED_OBJC_IMPLEMENTATIONS = YES;
				CLANG_WARN_DIRECT_OBJC_ISA_USAGE = YES_ERROR;
				CLANG_WARN_DOCUMENTATION_COMMENTS = YES;
				CLANG_WARN_EMPTY_BODY = YES;
				CLANG_WARN_ENUM_CONVERSION = YES;
				CLANG_WARN_INFINITE_RECURSION = YES;
				CLANG_WARN_INT_CONVERSION = YES;
				CLANG_WARN_NON_LITERAL_NULL_CONVERSION = YES;
				CLANG_WARN_OBJC_IMPLICIT_RETAIN_SELF = YES;
				CLANG_WARN_OBJC_LITERAL_CONVERSION = YES;
				CLANG_WARN_OBJC_ROOT_CLASS = YES_ERROR;
				CLANG_WARN_RANGE_LOOP_ANALYSIS = YES;
				CLANG_WARN_STRICT_PROTOTYPES = YES;
				CLANG_WARN_SUSPICIOUS_MOVE = YES;
				CLANG_WARN_UNGUARDED_AVAILABILITY = YES_AGGRESSIVE;
				CLANG_WARN_UNREACHABLE_CODE = YES;
				CLANG_WARN__DUPLICATE_METHOD_MATCH = YES;
				CODE_SIGN_IDENTITY = "iPhone Developer";
				COPY_PHASE_STRIP = NO;
				DEBUG_INFORMATION_FORMAT = dwarf;
				ENABLE_STRICT_OBJC_MSGSEND = YES;
				ENABLE_TESTABILITY = YES;
				GCC_C_LANGUAGE_STANDARD = gnu11;
				GCC_DYNAMIC_NO_PIC = NO;
				GCC_NO_COMMON_BLOCKS = YES;
				GCC_OPTIMIZATION_LEVEL = 0;
				GCC_PREPROCESSOR_DEFINITIONS = (
					"DEBUG=1",
					"$(inherited)",
				);
				GCC_WARN_64_TO_32_BIT_CONVERSION = YES;
				GCC_WARN_ABOUT_RETURN_TYPE = YES_ERROR;
				GCC_WARN_UNDECLARED_SELECTOR = YES;
				GCC_WARN_UNINITIALIZED_AUTOS = YES_AGGRESSIVE;
				GCC_WARN_UNUSED_FUNCTION = YES;
				GCC_WARN_UNUSED_VARIABLE = YES;
				IPHONEOS_DEPLOYMENT_TARGET = 12.1;
				MTL_ENABLE_DEBUG_INFO = INCLUDE_SOURCE;
				MTL_FAST_MATH = YES;
				ONLY_ACTIVE_ARCH = YES;
				SDKROOT = iphoneos;
				SWIFT_ACTIVE_COMPILATION_CONDITIONS = DEBUG;
				SWIFT_OPTIMIZATION_LEVEL = "-Onone";
			};
			name = Debug;
		};
		3036576E21E47EFF00D7720D /* Release */ = {
			isa = XCBuildConfiguration;
			buildSettings = {
				ALWAYS_SEARCH_USER_PATHS = NO;
				CLANG_ANALYZER_NONNULL = YES;
				CLANG_ANALYZER_NUMBER_OBJECT_CONVERSION = YES_AGGRESSIVE;
				CLANG_CXX_LANGUAGE_STANDARD = "gnu++14";
				CLANG_CXX_LIBRARY = "libc++";
				CLANG_ENABLE_MODULES = YES;
				CLANG_ENABLE_OBJC_ARC = YES;
				CLANG_ENABLE_OBJC_WEAK = YES;
				CLANG_WARN_BLOCK_CAPTURE_AUTORELEASING = YES;
				CLANG_WARN_BOOL_CONVERSION = YES;
				CLANG_WARN_COMMA = YES;
				CLANG_WARN_CONSTANT_CONVERSION = YES;
				CLANG_WARN_DEPRECATED_OBJC_IMPLEMENTATIONS = YES;
				CLANG_WARN_DIRECT_OBJC_ISA_USAGE = YES_ERROR;
				CLANG_WARN_DOCUMENTATION_COMMENTS = YES;
				CLANG_WARN_EMPTY_BODY = YES;
				CLANG_WARN_ENUM_CONVERSION = YES;
				CLANG_WARN_INFINITE_RECURSION = YES;
				CLANG_WARN_INT_CONVERSION = YES;
				CLANG_WARN_NON_LITERAL_NULL_CONVERSION = YES;
				CLANG_WARN_OBJC_IMPLICIT_RETAIN_SELF = YES;
				CLANG_WARN_OBJC_LITERAL_CONVERSION = YES;
				CLANG_WARN_OBJC_ROOT_CLASS = YES_ERROR;
				CLANG_WARN_RANGE_LOOP_ANALYSIS = YES;
				CLANG_WARN_STRICT_PROTOTYPES = YES;
				CLANG_WARN_SUSPICIOUS_MOVE = YES;
				CLANG_WARN_UNGUARDED_AVAILABILITY = YES_AGGRESSIVE;
				CLANG_WARN_UNREACHABLE_CODE = YES;
				CLANG_WARN__DUPLICATE_METHOD_MATCH = YES;
				CODE_SIGN_IDENTITY = "iPhone Developer";
				COPY_PHASE_STRIP = NO;
				DEBUG_INFORMATION_FORMAT = "dwarf-with-dsym";
				ENABLE_NS_ASSERTIONS = NO;
				ENABLE_STRICT_OBJC_MSGSEND = YES;
				GCC_C_LANGUAGE_STANDARD = gnu11;
				GCC_NO_COMMON_BLOCKS = YES;
				GCC_WARN_64_TO_32_BIT_CONVERSION = YES;
				GCC_WARN_ABOUT_RETURN_TYPE = YES_ERROR;
				GCC_WARN_UNDECLARED_SELECTOR = YES;
				GCC_WARN_UNINITIALIZED_AUTOS = YES_AGGRESSIVE;
				GCC_WARN_UNUSED_FUNCTION = YES;
				GCC_WARN_UNUSED_VARIABLE = YES;
				IPHONEOS_DEPLOYMENT_TARGET = 12.1;
				MTL_ENABLE_DEBUG_INFO = NO;
				MTL_FAST_MATH = YES;
				SDKROOT = iphoneos;
				SWIFT_COMPILATION_MODE = wholemodule;
				SWIFT_OPTIMIZATION_LEVEL = "-O";
				VALIDATE_PRODUCT = YES;
			};
			name = Release;
		};
		3036577021E47EFF00D7720D /* Debug */ = {
			isa = XCBuildConfiguration;
			buildSettings = {
				ASSETCATALOG_COMPILER_APPICON_NAME = AppIcon;
				CODE_SIGN_STYLE = Automatic;
				DEVELOPMENT_TEAM = 92EGL87MMW;
				INFOPLIST_FILE = MusicPlayer/Info.plist;
				LD_RUNPATH_SEARCH_PATHS = (
					"$(inherited)",
					"@executable_path/Frameworks",
				);
				PRODUCT_BUNDLE_IDENTIFIER = com.jakeccunderscore.MusicPlayer;
				PRODUCT_NAME = "$(TARGET_NAME)";
				SWIFT_VERSION = 5.0;
				TARGETED_DEVICE_FAMILY = "1,2";
			};
			name = Debug;
		};
		3036577121E47EFF00D7720D /* Release */ = {
			isa = XCBuildConfiguration;
			buildSettings = {
				ASSETCATALOG_COMPILER_APPICON_NAME = AppIcon;
				CODE_SIGN_STYLE = Automatic;
				DEVELOPMENT_TEAM = 92EGL87MMW;
				INFOPLIST_FILE = MusicPlayer/Info.plist;
				LD_RUNPATH_SEARCH_PATHS = (
					"$(inherited)",
					"@executable_path/Frameworks",
				);
				PRODUCT_BUNDLE_IDENTIFIER = com.jakeccunderscore.MusicPlayer;
				PRODUCT_NAME = "$(TARGET_NAME)";
				SWIFT_VERSION = 5.0;
				TARGETED_DEVICE_FAMILY = "1,2";
			};
			name = Release;
		};
		3036577321E47EFF00D7720D /* Debug */ = {
			isa = XCBuildConfiguration;
			buildSettings = {
				ALWAYS_EMBED_SWIFT_STANDARD_LIBRARIES = YES;
				BUNDLE_LOADER = "$(TEST_HOST)";
				CODE_SIGN_STYLE = Automatic;
				DEVELOPMENT_TEAM = 92EGL87MMW;
				INFOPLIST_FILE = MusicPlayerTests/Info.plist;
				LD_RUNPATH_SEARCH_PATHS = (
					"$(inherited)",
					"@executable_path/Frameworks",
					"@loader_path/Frameworks",
				);
				PRODUCT_BUNDLE_IDENTIFIER = com.jakeccunderscore.MusicPlayerTests;
				PRODUCT_NAME = "$(TARGET_NAME)";
				SWIFT_VERSION = 5.0;
				TARGETED_DEVICE_FAMILY = "1,2";
				TEST_HOST = "$(BUILT_PRODUCTS_DIR)/MusicPlayer.app/MusicPlayer";
			};
			name = Debug;
		};
		3036577421E47EFF00D7720D /* Release */ = {
			isa = XCBuildConfiguration;
			buildSettings = {
				ALWAYS_EMBED_SWIFT_STANDARD_LIBRARIES = YES;
				BUNDLE_LOADER = "$(TEST_HOST)";
				CODE_SIGN_STYLE = Automatic;
				DEVELOPMENT_TEAM = 92EGL87MMW;
				INFOPLIST_FILE = MusicPlayerTests/Info.plist;
				LD_RUNPATH_SEARCH_PATHS = (
					"$(inherited)",
					"@executable_path/Frameworks",
					"@loader_path/Frameworks",
				);
				PRODUCT_BUNDLE_IDENTIFIER = com.jakeccunderscore.MusicPlayerTests;
				PRODUCT_NAME = "$(TARGET_NAME)";
				SWIFT_VERSION = 5.0;
				TARGETED_DEVICE_FAMILY = "1,2";
				TEST_HOST = "$(BUILT_PRODUCTS_DIR)/MusicPlayer.app/MusicPlayer";
			};
			name = Release;
		};
		3036577621E47EFF00D7720D /* Debug */ = {
			isa = XCBuildConfiguration;
			buildSettings = {
				ALWAYS_EMBED_SWIFT_STANDARD_LIBRARIES = YES;
				CODE_SIGN_STYLE = Automatic;
				DEVELOPMENT_TEAM = 92EGL87MMW;
				INFOPLIST_FILE = MusicPlayerUITests/Info.plist;
				LD_RUNPATH_SEARCH_PATHS = (
					"$(inherited)",
					"@executable_path/Frameworks",
					"@loader_path/Frameworks",
				);
				PRODUCT_BUNDLE_IDENTIFIER = com.jakeccunderscore.MusicPlayerUITests;
				PRODUCT_NAME = "$(TARGET_NAME)";
				SWIFT_VERSION = 5.0;
				TARGETED_DEVICE_FAMILY = "1,2";
				TEST_TARGET_NAME = MusicPlayer;
			};
			name = Debug;
		};
		3036577721E47EFF00D7720D /* Release */ = {
			isa = XCBuildConfiguration;
			buildSettings = {
				ALWAYS_EMBED_SWIFT_STANDARD_LIBRARIES = YES;
				CODE_SIGN_STYLE = Automatic;
				DEVELOPMENT_TEAM = 92EGL87MMW;
				INFOPLIST_FILE = MusicPlayerUITests/Info.plist;
				LD_RUNPATH_SEARCH_PATHS = (
					"$(inherited)",
					"@executable_path/Frameworks",
					"@loader_path/Frameworks",
				);
				PRODUCT_BUNDLE_IDENTIFIER = com.jakeccunderscore.MusicPlayerUITests;
				PRODUCT_NAME = "$(TARGET_NAME)";
				SWIFT_VERSION = 5.0;
				TARGETED_DEVICE_FAMILY = "1,2";
				TEST_TARGET_NAME = MusicPlayer;
			};
			name = Release;
		};
/* End XCBuildConfiguration section */

/* Begin XCConfigurationList section */
		3036574221E47EFE00D7720D /* Build configuration list for PBXProject "MusicPlayer" */ = {
			isa = XCConfigurationList;
			buildConfigurations = (
				3036576D21E47EFF00D7720D /* Debug */,
				3036576E21E47EFF00D7720D /* Release */,
			);
			defaultConfigurationIsVisible = 0;
			defaultConfigurationName = Release;
		};
		3036576F21E47EFF00D7720D /* Build configuration list for PBXNativeTarget "MusicPlayer" */ = {
			isa = XCConfigurationList;
			buildConfigurations = (
				3036577021E47EFF00D7720D /* Debug */,
				3036577121E47EFF00D7720D /* Release */,
			);
			defaultConfigurationIsVisible = 0;
			defaultConfigurationName = Release;
		};
		3036577221E47EFF00D7720D /* Build configuration list for PBXNativeTarget "MusicPlayerTests" */ = {
			isa = XCConfigurationList;
			buildConfigurations = (
				3036577321E47EFF00D7720D /* Debug */,
				3036577421E47EFF00D7720D /* Release */,
			);
			defaultConfigurationIsVisible = 0;
			defaultConfigurationName = Release;
		};
		3036577521E47EFF00D7720D /* Build configuration list for PBXNativeTarget "MusicPlayerUITests" */ = {
			isa = XCConfigurationList;
			buildConfigurations = (
				3036577621E47EFF00D7720D /* Debug */,
				3036577721E47EFF00D7720D /* Release */,
			);
			defaultConfigurationIsVisible = 0;
			defaultConfigurationName = Release;
		};
/* End XCConfigurationList section */
	};
	rootObject = 3036573F21E47EFE00D7720D /* Project object */;
}
